
Microsoft Visual Studio Solution File, Format Version 12.00
# Visual Studio Version 17
VisualStudioVersion = 17.7.33913.275
MinimumVisualStudioVersion = 10.0.40219.1
Project("{FAE04EC0-301F-11D3-BF4B-00C04F79EFBC}") = "WebApiDemo", "WebApiDemo\WebApiDemo.csproj", "{D9E9FB74-AA3E-44E8-B8FA-384EBE8D3573}"
EndProject
Global
	GlobalSection(SolutionConfigurationPlatforms) = preSolution
		Debug|Any CPU = Debug|Any CPU
		Release|Any CPU = Release|Any CPU
	EndGlobalSection
	GlobalSection(ProjectConfigurationPlatforms) = postSolution
		{D9E9FB74-AA3E-44E8-B8FA-384EBE8D3573}.Debug|Any CPU.ActiveCfg = Debug|Any CPU
		{D9E9FB74-AA3E-44E8-B8FA-384EBE8D3573}.Debug|Any CPU.Build.0 = Debug|Any CPU
		{D9E9FB74-AA3E-44E8-B8FA-384EBE8D3573}.Release|Any CPU.ActiveCfg = Release|Any CPU
		{D9E9FB74-AA3E-44E8-B8FA-384EBE8D3573}.Release|Any CPU.Build.0 = Release|Any CPU
	EndGlobalSection
	GlobalSection(SolutionProperties) = preSolution
		HideSolutionNode = FALSE
	EndGlobalSection
	GlobalSection(ExtensibilityGlobals) = postSolution
		SolutionGuid = {28D893F7-7A81-4EAB-84F0-1934A9486BC5}
	EndGlobalSection
EndGlobal
